# THIS IS AN AUTOGENERATED FILE. DO NOT EDIT THIS FILE DIRECTLY.
# yarn lockfile v1


"@babel/runtime@^7.19.0":
  version "7.19.0"
  resolved "https://registry.yarnpkg.com/@babel/runtime/-/runtime-7.19.0.tgz#22b11c037b094d27a8a2504ea4dcff00f50e2259"
  dependencies:
    regenerator-runtime "^0.13.4"

"@mui/icons-material@^5.10.6":
  version "5.10.6"
  resolved "https://registry.yarnpkg.com/@mui/icons-material/-/icons-material-5.10.6.tgz#a032395cfe7fe8e9a8edde2d27b9e3bd23e5b935"
  dependencies:
    "@babel/runtime" "^7.19.0"

regenerator-runtime@^0.13.4:
  version "0.13.9"
  resolved "https://registry.yarnpkg.com/regenerator-runtime/-/regenerator-runtime-0.13.9.tgz#8925742a98ffd90814988d7566ad30ca3b263b52"
